
Microsoft Visual Studio Solution File, Format Version 12.00
# Visual Studio 15
VisualStudioVersion = 15.0.27428.2015
MinimumVisualStudioVersion = 10.0.40219.1
Project("{8BC9CEB8-8B4A-11D0-8D11-00A0C91BC942}") = "renderdoc", "renderdoc.vcxproj", "{7DB8976C-2A6D-43FA-A14D-69E9B0C6F819}"
EndProject
Global
	GlobalSection(SolutionConfigurationPlatforms) = preSolution
		Debug|x64 = Debug|x64
		Debug|x86 = Debug|x86
		Release|x64 = Release|x64
		Release|x86 = Release|x86
	EndGlobalSection
	GlobalSection(ProjectConfigurationPlatforms) = postSolution
		{7DB8976C-2A6D-43FA-A14D-69E9B0C6F819}.Debug|x64.ActiveCfg = Debug|x64
		{7DB8976C-2A6D-43FA-A14D-69E9B0C6F819}.Debug|x64.Build.0 = Debug|x64
		{7DB8976C-2A6D-43FA-A14D-69E9B0C6F819}.Debug|x86.ActiveCfg = Debug|Win32
		{7DB8976C-2A6D-43FA-A14D-69E9B0C6F819}.Debug|x86.Build.0 = Debug|Win32
		{7DB8976C-2A6D-43FA-A14D-69E9B0C6F819}.Release|x64.ActiveCfg = Release|x64
		{7DB8976C-2A6D-43FA-A14D-69E9B0C6F819}.Release|x64.Build.0 = Release|x64
		{7DB8976C-2A6D-43FA-A14D-69E9B0C6F819}.Release|x86.ActiveCfg = Release|Win32
		{7DB8976C-2A6D-43FA-A14D-69E9B0C6F819}.Release|x86.Build.0 = Release|Win32
	EndGlobalSection
	GlobalSection(SolutionProperties) = preSolution
		HideSolutionNode = FALSE
	EndGlobalSection
	GlobalSection(ExtensibilityGlobals) = postSolution
		SolutionGuid = {DDC86E89-501B-4597-A8DA-A513AC1AFFA2}
	EndGlobalSection
EndGlobal
